
Microsoft Visual Studio Solution File, Format Version 12.00
# Visual Studio Version 17
VisualStudioVersion = 17.14.37328.6 d17.14
MinimumVisualStudioVersion = 10.0.40219.1
Project("{FAE04EC0-301F-11D3-BF4B-00C04F79EFBC}") = "Study.MathGame", "Study.MathGame.csproj", "{B7E93B1A-9694-4E55-873A-CD99A9B4ED6A}"
EndProject
Global
	GlobalSection(SolutionConfigurationPlatforms) = preSolution
		Debug|Any CPU = Debug|Any CPU
		Release|Any CPU = Release|Any CPU
	EndGlobalSection
	GlobalSection(ProjectConfigurationPlatforms) = postSolution
		{B7E93B1A-9694-4E55-873A-CD99A9B4ED6A}.Debug|Any CPU.ActiveCfg = Debug|Any CPU
		{B7E93B1A-9694-4E55-873A-CD99A9B4ED6A}.Debug|Any CPU.Build.0 = Debug|Any CPU
		{B7E93B1A-9694-4E55-873A-CD99A9B4ED6A}.Release|Any CPU.ActiveCfg = Release|Any CPU
		{B7E93B1A-9694-4E55-873A-CD99A9B4ED6A}.Release|Any CPU.Build.0 = Release|Any CPU
	EndGlobalSection
	GlobalSection(SolutionProperties) = preSolution
		HideSolutionNode = FALSE
	EndGlobalSection
	GlobalSection(ExtensibilityGlobals) = postSolution
		SolutionGuid = {F7C5563E-AB5A-4217-B7BC-624BB9539E9F}
	EndGlobalSection
EndGlobal
